// !$*UTF8*$!
{
	archiveVersion = 1;
	classes = {
	};
	objectVersion = 50;
	objects = {

/* Begin PBXBuildFile section */
		32BD6EE320994F9400662C71 /* AppDelegate.swift in Sources */ = {isa = PBXBuildFile; fileRef = 32BD6EE220994F9400662C71 /* AppDelegate.swift */; };
		32BD6EE520994F9400662C71 /* ViewController.swift in Sources */ = {isa = PBXBuildFile; fileRef = 32BD6EE420994F9400662C71 /* ViewController.swift */; };
		32BD6EE820994F9400662C71 /* Main.storyboard in Resources */ = {isa = PBXBuildFile; fileRef = 32BD6EE620994F9400662C71 /* Main.storyboard */; };
		32BD6EEA20994F9600662C71 /* Assets.xcassets in Resources */ = {isa = PBXBuildFile; fileRef = 32BD6EE920994F9600662C71 /* Assets.xcassets */; };
		32BD6EED20994F9600662C71 /* LaunchScreen.storyboard in Resources */ = {isa = PBXBuildFile; fileRef = 32BD6EEB20994F9600662C71 /* LaunchScreen.storyboard */; };
		32BD6EF820994F9600662C71 /* CorePageTests.swift in Sources */ = {isa = PBXBuildFile; fileRef = 32BD6EF720994F9600662C71 /* CorePageTests.swift */; };
		32BD6F03209A410900662C71 /* FeatureCollectionViewCell.swift in Sources */ = {isa = PBXBuildFile; fileRef = 32BD6F02209A410900662C71 /* FeatureCollectionViewCell.swift */; };
/* End PBXBuildFile section */

/* Begin PBXContainerItemProxy section */
		32BD6EF420994F9600662C71 /* PBXContainerItemProxy */ = {
			isa = PBXContainerItemProxy;
			containerPortal = 32BD6ED720994F9400662C71 /* Project object */;
			proxyType = 1;
			remoteGlobalIDString = 32BD6EDE20994F9400662C71;
			remoteInfo = CorePage;
		};
/* End PBXContainerItemProxy section */

/* Begin PBXFileReference section */
		32BD6EDF20994F9400662C71 /* CorePage.app */ = {isa = PBXFileReference; explicitFileType = wrapper.application; includeInIndex = 0; path = CorePage.app; sourceTree = BUILT_PRODUCTS_DIR; };
		32BD6EE220994F9400662C71 /* AppDelegate.swift */ = {isa = PBXFileReference; lastKnownFileType = sourcecode.swift; path = AppDelegate.swift; sourceTree = "<group>"; };
		32BD6EE420994F9400662C71 /* ViewController.swift */ = {isa = PBXFileReference; lastKnownFileType = sourcecode.swift; path = ViewController.swift; sourceTree = "<group>"; };
		32BD6EE720994F9400662C71 /* Base */ = {isa = PBXFileReference; lastKnownFileType = file.storyboard; name = Base; path = Base.lproj/Main.storyboard; sourceTree = "<group>"; };
		32BD6EE920994F9600662C71 /* Assets.xcassets */ = {isa = PBXFileReference; lastKnownFileType = folder.assetcatalog; path = Assets.xcassets; sourceTree = "<group>"; };
		32BD6EEC20994F9600662C71 /* Base */ = {isa = PBXFileReference; lastKnownFileType = file.storyboard; name = Base; path = Base.lproj/LaunchScreen.storyboard; sourceTree = "<group>"; };
		32BD6EEE20994F9600662C71 /* Info.plist */ = {isa = PBXFileReference; lastKnownFileType = text.plist.xml; path = Info.plist; sourceTree = "<group>"; };
		32BD6EF320994F9600662C71 /* CorePageTests.xctest */ = {isa = PBXFileReference; explicitFileType = wrapper.cfbundle; includeInIndex = 0; path = CorePageTests.xctest; sourceTree = BUILT_PRODUCTS_DIR; };
		32BD6EF720994F9600662C71 /* CorePageTests.swift */ = {isa = PBXFileReference; lastKnownFileType = sourcecode.swift; path = CorePageTests.swift; sourceTree = "<group>"; };
		32BD6EF920994F9600662C71 /* Info.plist */ = {isa = PBXFileReference; lastKnownFileType = text.plist.xml; path = Info.plist; sourceTree = "<group>"; };
		32BD6F02209A410900662C71 /* FeatureCollectionViewCell.swift */ = {isa = PBXFileReference; lastKnownFileType = sourcecode.swift; path = FeatureCollectionViewCell.swift; sourceTree = "<group>"; };
/* End PBXFileReference section */

/* Begin PBXFrameworksBuildPhase section */
		32BD6EDC20994F9400662C71 /* Frameworks */ = {
			isa = PBXFrameworksBuildPhase;
			buildActionMask = 2147483647;
			files = (
			);
			runOnlyForDeploymentPostprocessing = 0;
		};
		32BD6EF020994F9600662C71 /* Frameworks */ = {
			isa = PBXFrameworksBuildPhase;
			buildActionMask = 2147483647;
			files = (
			);
			runOnlyForDeploymentPostprocessing = 0;
		};
/* End PBXFrameworksBuildPhase section */

/* Begin PBXGroup section */
		32BD6ED620994F9400662C71 = {
			isa = PBXGroup;
			children = (
				32BD6EE120994F9400662C71 /* CorePage */,
				32BD6EF620994F9600662C71 /* CorePageTests */,
				32BD6EE020994F9400662C71 /* Products */,
			);
			sourceTree = "<group>";
		};
		32BD6EE020994F9400662C71 /* Products */ = {
			isa = PBXGroup;
			children = (
				32BD6EDF20994F9400662C71 /* CorePage.app */,
				32BD6EF320994F9600662C71 /* CorePageTests.xctest */,
			);
			name = Products;
			sourceTree = "<group>";
		};
		32BD6EE120994F9400662C71 /* CorePage */ = {
			isa = PBXGroup;
			children = (
				32BD6EE220994F9400662C71 /* AppDelegate.swift */,
				32BD6EE420994F9400662C71 /* ViewController.swift */,
				32BD6F02209A410900662C71 /* FeatureCollectionViewCell.swift */,
				32BD6EE620994F9400662C71 /* Main.storyboard */,
				32BD6EE920994F9600662C71 /* Assets.xcassets */,
				32BD6EEB20994F9600662C71 /* LaunchScreen.storyboard */,
				32BD6EEE20994F9600662C71 /* Info.plist */,
			);
			path = CorePage;
			sourceTree = "<group>";
		};
		32BD6EF620994F9600662C71 /* CorePageTests */ = {
			isa = PBXGroup;
			children = (
				32BD6EF720994F9600662C71 /* CorePageTests.swift */,
				32BD6EF920994F9600662C71 /* Info.plist */,
			);
			path = CorePageTests;
			sourceTree = "<group>";
		};
/* End PBXGroup section */

/* Begin PBXNativeTarget section */
		32BD6EDE20994F9400662C71 /* CorePage */ = {
			isa = PBXNativeTarget;
			buildConfigurationList = 32BD6EFC20994F9600662C71 /* Build configuration list for PBXNativeTarget "CorePage" */;
			buildPhases = (
				32BD6EDB20994F9400662C71 /* Sources */,
				32BD6EDC20994F9400662C71 /* Frameworks */,
				32BD6EDD20994F9400662C71 /* Resources */,
			);
			buildRules = (
			);
			dependencies = (
			);
			name = CorePage;
			productName = CorePage;
			productReference = 32BD6EDF20994F9400662C71 /* CorePage.app */;
			productType = "com.apple.product-type.application";
		};
		32BD6EF220994F9600662C71 /* CorePageTests */ = {
			isa = PBXNativeTarget;
			buildConfigurationList = 32BD6EFF20994F9600662C71 /* Build configuration list for PBXNativeTarget "CorePageTests" */;
			buildPhases = (
				32BD6EEF20994F9600662C71 /* Sources */,
				32BD6EF020994F9600662C71 /* Frameworks */,
				32BD6EF120994F9600662C71 /* Resources */,
			);
			buildRules = (
			);
			dependencies = (
				32BD6EF520994F9600662C71 /* PBXTargetDependency */,
			);
			name = CorePageTests;
			productName = CorePageTests;
			productReference = 32BD6EF320994F9600662C71 /* CorePageTests.xctest */;
			productType = "com.apple.product-type.bundle.unit-test";
		};
/* End PBXNativeTarget section */

/* Begin PBXProject section */
		32BD6ED720994F9400662C71 /* Project object */ = {
			isa = PBXProject;
			attributes = {
				LastSwiftUpdateCheck = 0930;
				LastUpgradeCheck = 0930;
				ORGANIZATIONNAME = "Tischuk, Christopher";
				TargetAttributes = {
					32BD6EDE20994F9400662C71 = {
						CreatedOnToolsVersion = 9.3;
					};
					32BD6EF220994F9600662C71 = {
						CreatedOnToolsVersion = 9.3;
						TestTargetID = 32BD6EDE20994F9400662C71;
					};
				};
			};
			buildConfigurationList = 32BD6EDA20994F9400662C71 /* Build configuration list for PBXProject "CorePage" */;
			compatibilityVersion = "Xcode 9.3";
			developmentRegion = en;
			hasScannedForEncodings = 0;
			knownRegions = (
				en,
				Base,
			);
			mainGroup = 32BD6ED620994F9400662C71;
			productRefGroup = 32BD6EE020994F9400662C71 /* Products */;
			projectDirPath = "";
			projectRoot = "";
			targets = (
				32BD6EDE20994F9400662C71 /* CorePage */,
				32BD6EF220994F9600662C71 /* CorePageTests */,
			);
		};
/* End PBXProject section */

/* Begin PBXResourcesBuildPhase section */
		32BD6EDD20994F9400662C71 /* Resources */ = {
			isa = PBXResourcesBuildPhase;
			buildActionMask = 2147483647;
			files = (
				32BD6EED20994F9600662C71 /* LaunchScreen.storyboard in Resources */,
				32BD6EEA20994F9600662C71 /* Assets.xcassets in Resources */,
				32BD6EE820994F9400662C71 /* Main.storyboard in Resources */,
			);
			runOnlyForDeploymentPostprocessing = 0;
		};
		32BD6EF120994F9600662C71 /* Resources */ = {
			isa = PBXResourcesBuildPhase;
			buildActionMask = 2147483647;
			files = (
			);
			runOnlyForDeploymentPostprocessing = 0;
		};
/* End PBXResourcesBuildPhase section */

/* Begin PBXSourcesBuildPhase section */
		32BD6EDB20994F9400662C71 /* Sources */ = {
			isa = PBXSourcesBuildPhase;
			buildActionMask = 2147483647;
			files = (
				32BD6EE520994F9400662C71 /* ViewController.swift in Sources */,
				32BD6EE320994F9400662C71 /* AppDelegate.swift in Sources */,
				32BD6F03209A410900662C71 /* FeatureCollectionViewCell.swift in Sources */,
			);
			runOnlyForDeploymentPostprocessing = 0;
		};
		32BD6EEF20994F9600662C71 /* Sources */ = {
			isa = PBXSourcesBuildPhase;
			buildActionMask = 2147483647;
			files = (
				32BD6EF820994F9600662C71 /* CorePageTests.swift in Sources */,
			);
			runOnlyForDeploymentPostprocessing = 0;
		};
/* End PBXSourcesBuildPhase section */

/* Begin PBXTargetDependency section */
		32BD6EF520994F9600662C71 /* PBXTargetDependency */ = {
			isa = PBXTargetDependency;
			target = 32BD6EDE20994F9400662C71 /* CorePage */;
			targetProxy = 32BD6EF420994F9600662C71 /* PBXContainerItemProxy */;
		};
/* End PBXTargetDependency section */

/* Begin PBXVariantGroup section */
		32BD6EE620994F9400662C71 /* Main.storyboard */ = {
			isa = PBXVariantGroup;
			children = (
				32BD6EE720994F9400662C71 /* Base */,
			);
			name = Main.storyboard;
			sourceTree = "<group>";
		};
		32BD6EEB20994F9600662C71 /* LaunchScreen.storyboard */ = {
			isa = PBXVariantGroup;
			children = (
				32BD6EEC20994F9600662C71 /* Base */,
			);
			name = LaunchScreen.storyboard;
			sourceTree = "<group>";
		};
/* End PBXVariantGroup section */

/* Begin XCBuildConfiguration section */
		32BD6EFA20994F9600662C71 /* Debug */ = {
			isa = XCBuildConfiguration;
			buildSettings = {
				ALWAYS_SEARCH_USER_PATHS = NO;
				CLANG_ANALYZER_NONNULL = YES;
				CLANG_ANALYZER_NUMBER_OBJECT_CONVERSION = YES_AGGRESSIVE;
				CLANG_CXX_LANGUAGE_STANDARD = "gnu++14";
				CLANG_CXX_LIBRARY = "libc++";
				CLANG_ENABLE_MODULES = YES;
				CLANG_ENABLE_OBJC_ARC = YES;
				CLANG_ENABLE_OBJC_WEAK = YES;
				CLANG_WARN_BLOCK_CAPTURE_AUTORELEASING = YES;
				CLANG_WARN_BOOL_CONVERSION = YES;
				CLANG_WARN_COMMA = YES;
				CLANG_WARN_CONSTANT_CONVERSION = YES;
				CLANG_WARN_DEPRECATED_OBJC_IMPLEMENTATIONS = YES;
				CLANG_WARN_DIRECT_OBJC_ISA_USAGE = YES_ERROR;
				CLANG_WARN_DOCUMENTATION_COMMENTS = YES;
				CLANG_WARN_EMPTY_BODY = YES;
				CLANG_WARN_ENUM_CONVERSION = YES;
				CLANG_WARN_INFINITE_RECURSION = YES;
				CLANG_WARN_INT_CONVERSION = YES;
				CLANG_WARN_NON_LITERAL_NULL_CONVERSION = YES;
				CLANG_WARN_OBJC_IMPLICIT_RETAIN_SELF = YES;
				CLANG_WARN_OBJC_LITERAL_CONVERSION = YES;
				CLANG_WARN_OBJC_ROOT_CLASS = YES_ERROR;
				CLANG_WARN_RANGE_LOOP_ANALYSIS = YES;
				CLANG_WARN_STRICT_PROTOTYPES = YES;
				CLANG_WARN_SUSPICIOUS_MOVE = YES;
				CLANG_WARN_UNGUARDED_AVAILABILITY = YES_AGGRESSIVE;
				CLANG_WARN_UNREACHABLE_CODE = YES;
				CLANG_WARN__DUPLICATE_METHOD_MATCH = YES;
				CODE_SIGN_IDENTITY = "iPhone Developer";
				COPY_PHASE_STRIP = NO;
				DEBUG_INFORMATION_FORMAT = dwarf;
				ENABLE_STRICT_OBJC_MSGSEND = YES;
				ENABLE_TESTABILITY = YES;
				GCC_C_LANGUAGE_STANDARD = gnu11;
				GCC_DYNAMIC_NO_PIC = NO;
				GCC_NO_COMMON_BLOCKS = YES;
				GCC_OPTIMIZATION_LEVEL = 0;
				GCC_PREPROCESSOR_DEFINITIONS = (
					"DEBUG=1",
					"$(inherited)",
				);
				GCC_WARN_64_TO_32_BIT_CONVERSION = YES;
				GCC_WARN_ABOUT_RETURN_TYPE = YES_ERROR;
				GCC_WARN_UNDECLARED_SELECTOR = YES;
				GCC_WARN_UNINITIALIZED_AUTOS = YES_AGGRESSIVE;
				GCC_WARN_UNUSED_FUNCTION = YES;
				GCC_WARN_UNUSED_VARIABLE = YES;
				IPHONEOS_DEPLOYMENT_TARGET = 11.3;
				MTL_ENABLE_DEBUG_INFO = YES;
				ONLY_ACTIVE_ARCH = YES;
				SDKROOT = iphoneos;
				SWIFT_ACTIVE_COMPILATION_CONDITIONS = DEBUG;
				SWIFT_OPTIMIZATION_LEVEL = "-Onone";
			};
			name = Debug;
		};
		32BD6EFB20994F9600662C71 /* Release */ = {
			isa = XCBuildConfiguration;
			buildSettings = {
				ALWAYS_SEARCH_USER_PATHS = NO;
				CLANG_ANALYZER_NONNULL = YES;
				CLANG_ANALYZER_NUMBER_OBJECT_CONVERSION = YES_AGGRESSIVE;
				CLANG_CXX_LANGUAGE_STANDARD = "gnu++14";
				CLANG_CXX_LIBRARY = "libc++";
				CLANG_ENABLE_MODULES = YES;
				CLANG_ENABLE_OBJC_ARC = YES;
				CLANG_ENABLE_OBJC_WEAK = YES;
				CLANG_WARN_BLOCK_CAPTURE_AUTORELEASING = YES;
				CLANG_WARN_BOOL_CONVERSION = YES;
				CLANG_WARN_COMMA = YES;
				CLANG_WARN_CONSTANT_CONVERSION = YES;
				CLANG_WARN_DEPRECATED_OBJC_IMPLEMENTATIONS = YES;
				CLANG_WARN_DIRECT_OBJC_ISA_USAGE = YES_ERROR;
				CLANG_WARN_DOCUMENTATION_COMMENTS = YES;
				CLANG_WARN_EMPTY_BODY = YES;
				CLANG_WARN_ENUM_CONVERSION = YES;
				CLANG_WARN_INFINITE_RECURSION = YES;
				CLANG_WARN_INT_CONVERSION = YES;
				CLANG_WARN_NON_LITERAL_NULL_CONVERSION = YES;
				CLANG_WARN_OBJC_IMPLICIT_RETAIN_SELF = YES;
				CLANG_WARN_OBJC_LITERAL_CONVERSION = YES;
				CLANG_WARN_OBJC_ROOT_CLASS = YES_ERROR;
				CLANG_WARN_RANGE_LOOP_ANALYSIS = YES;
				CLANG_WARN_STRICT_PROTOTYPES = YES;
				CLANG_WARN_SUSPICIOUS_MOVE = YES;
				CLANG_WARN_UNGUARDED_AVAILABILITY = YES_AGGRESSIVE;
				CLANG_WARN_UNREACHABLE_CODE = YES;
				CLANG_WARN__DUPLICATE_METHOD_MATCH = YES;
				CODE_SIGN_IDENTITY = "iPhone Developer";
				COPY_PHASE_STRIP = NO;
				DEBUG_INFORMATION_FORMAT = "dwarf-with-dsym";
				ENABLE_NS_ASSERTIONS = NO;
				ENABLE_STRICT_OBJC_MSGSEND = YES;
				GCC_C_LANGUAGE_STANDARD = gnu11;
				GCC_NO_COMMON_BLOCKS = YES;
				GCC_WARN_64_TO_32_BIT_CONVERSION = YES;
				GCC_WARN_ABOUT_RETURN_TYPE = YES_ERROR;
				GCC_WARN_UNDECLARED_SELECTOR = YES;
				GCC_WARN_UNINITIALIZED_AUTOS = YES_AGGRESSIVE;
				GCC_WARN_UNUSED_FUNCTION = YES;
				GCC_WARN_UNUSED_VARIABLE = YES;
				IPHONEOS_DEPLOYMENT_TARGET = 11.3;
				MTL_ENABLE_DEBUG_INFO = NO;
				SDKROOT = iphoneos;
				SWIFT_COMPILATION_MODE = wholemodule;
				SWIFT_OPTIMIZATION_LEVEL = "-O";
				VALIDATE_PRODUCT = YES;
			};
			name = Release;
		};
		32BD6EFD20994F9600662C71 /* Debug */ = {
			isa = XCBuildConfiguration;
			buildSettings = {
				ASSETCATALOG_COMPILER_APPICON_NAME = AppIcon;
				CODE_SIGN_STYLE = Automatic;
				DEVELOPMENT_TEAM = R2JSLK2DSL;
				INFOPLIST_FILE = CorePage/Info.plist;
				LD_RUNPATH_SEARCH_PATHS = (
					"$(inherited)",
					"@executable_path/Frameworks",
				);
				PRODUCT_BUNDLE_IDENTIFIER = com.cjtisch.com.CorePage;
				PRODUCT_NAME = "$(TARGET_NAME)";
				SWIFT_VERSION = 4.0;
				TARGETED_DEVICE_FAMILY = "1,2";
			};
			name = Debug;
		};
		32BD6EFE20994F9600662C71 /* Release */ = {
			isa = XCBuildConfiguration;
			buildSettings = {
				ASSETCATALOG_COMPILER_APPICON_NAME = AppIcon;
				CODE_SIGN_STYLE = Automatic;
				DEVELOPMENT_TEAM = R2JSLK2DSL;
				INFOPLIST_FILE = CorePage/Info.plist;
				LD_RUNPATH_SEARCH_PATHS = (
					"$(inherited)",
					"@executable_path/Frameworks",
				);
				PRODUCT_BUNDLE_IDENTIFIER = com.cjtisch.com.CorePage;
				PRODUCT_NAME = "$(TARGET_NAME)";
				SWIFT_VERSION = 4.0;
				TARGETED_DEVICE_FAMILY = "1,2";
			};
			name = Release;
		};
		32BD6F0020994F9600662C71 /* Debug */ = {
			isa = XCBuildConfiguration;
			buildSettings = {
				ALWAYS_EMBED_SWIFT_STANDARD_LIBRARIES = YES;
				BUNDLE_LOADER = "$(TEST_HOST)";
				CODE_SIGN_STYLE = Automatic;
				DEVELOPMENT_TEAM = R2JSLK2DSL;
				INFOPLIST_FILE = CorePageTests/Info.plist;
				LD_RUNPATH_SEARCH_PATHS = (
					"$(inherited)",
					"@executable_path/Frameworks",
					"@loader_path/Frameworks",
				);
				PRODUCT_BUNDLE_IDENTIFIER = com.cjtisch.com.CorePageTests;
				PRODUCT_NAME = "$(TARGET_NAME)";
				SWIFT_VERSION = 4.0;
				TARGETED_DEVICE_FAMILY = "1,2";
				TEST_HOST = "$(BUILT_PRODUCTS_DIR)/CorePage.app/CorePage";
			};
			name = Debug;
		};
		32BD6F0120994F9600662C71 /* Release */ = {
			isa = XCBuildConfiguration;
			buildSettings = {
				ALWAYS_EMBED_SWIFT_STANDARD_LIBRARIES = YES;
				BUNDLE_LOADER = "$(TEST_HOST)";
				CODE_SIGN_STYLE = Automatic;
				DEVELOPMENT_TEAM = R2JSLK2DSL;
				INFOPLIST_FILE = CorePageTests/Info.plist;
				LD_RUNPATH_SEARCH_PATHS = (
					"$(inherited)",
					"@executable_path/Frameworks",
					"@loader_path/Frameworks",
				);
				PRODUCT_BUNDLE_IDENTIFIER = com.cjtisch.com.CorePageTests;
				PRODUCT_NAME = "$(TARGET_NAME)";
				SWIFT_VERSION = 4.0;
				TARGETED_DEVICE_FAMILY = "1,2";
				TEST_HOST = "$(BUILT_PRODUCTS_DIR)/CorePage.app/CorePage";
			};
			name = Release;
		};
/* End XCBuildConfiguration section */

/* Begin XCConfigurationList section */
		32BD6EDA20994F9400662C71 /* Build configuration list for PBXProject "CorePage" */ = {
			isa = XCConfigurationList;
			buildConfigurations = (
				32BD6EFA20994F9600662C71 /* Debug */,
				32BD6EFB20994F9600662C71 /* Release */,
			);
			defaultConfigurationIsVisible = 0;
			defaultConfigurationName = Release;
		};
		32BD6EFC20994F9600662C71 /* Build configuration list for PBXNativeTarget "CorePage" */ = {
			isa = XCConfigurationList;
			buildConfigurations = (
				32BD6EFD20994F9600662C71 /* Debug */,
				32BD6EFE20994F9600662C71 /* Release */,
			);
			defaultConfigurationIsVisible = 0;
			defaultConfigurationName = Release;
		};
		32BD6EFF20994F9600662C71 /* Build configuration list for PBXNativeTarget "CorePageTests" */ = {
			isa = XCConfigurationList;
			buildConfigurations = (
				32BD6F0020994F9600662C71 /* Debug */,
				32BD6F0120994F9600662C71 /* Release */,
			);
			defaultConfigurationIsVisible = 0;
			defaultConfigurationName = Release;
		};
/* End XCConfigurationList section */
	};
	rootObject = 32BD6ED720994F9400662C71 /* Project object */;
}
